
Microsoft Visual Studio Solution File, Format Version 12.00
# Visual Studio Version 17
VisualStudioVersion = 17.0.31612.314
MinimumVisualStudioVersion = 10.0.40219.1
Project("{9A19103F-16F7-4668-BE54-9A1E7A4F7556}") = "DataConnectors", "DataConnectors\DataConnectors.csproj", "{1CE27FDB-F8EC-4BF4-9694-C802F56ABBA8}"
EndProject
Project("{9A19103F-16F7-4668-BE54-9A1E7A4F7556}") = "TraderCadCore", "Core\TraderCadCore.csproj", "{19C2F1C8-FB5D-438E-A49D-03F456FD283D}"
EndProject
Project("{9A19103F-16F7-4668-BE54-9A1E7A4F7556}") = "Visualizer", "Visualizer\Visualizer.csproj", "{B2933783-9FED-4AC5-A225-AB6AD9B616D5}"
EndProject
Project("{FAE04EC0-301F-11D3-BF4B-00C04F79EFBC}") = "Tests", "Tests\Tests.csproj", "{3F27FA53-2206-4036-A08A-9D0B253EC95F}"
EndProject
Global
	GlobalSection(SolutionConfigurationPlatforms) = preSolution
		Debug|Any CPU = Debug|Any CPU
		Release|Any CPU = Release|Any CPU
	EndGlobalSection
	GlobalSection(ProjectConfigurationPlatforms) = postSolution
		{1CE27FDB-F8EC-4BF4-9694-C802F56ABBA8}.Debug|Any CPU.ActiveCfg = Debug|Any CPU
		{1CE27FDB-F8EC-4BF4-9694-C802F56ABBA8}.Debug|Any CPU.Build.0 = Debug|Any CPU
		{1CE27FDB-F8EC-4BF4-9694-C802F56ABBA8}.Release|Any CPU.ActiveCfg = Release|Any CPU
		{1CE27FDB-F8EC-4BF4-9694-C802F56ABBA8}.Release|Any CPU.Build.0 = Release|Any CPU
		{19C2F1C8-FB5D-438E-A49D-03F456FD283D}.Debug|Any CPU.ActiveCfg = Debug|Any CPU
		{19C2F1C8-FB5D-438E-A49D-03F456FD283D}.Debug|Any CPU.Build.0 = Debug|Any CPU
		{19C2F1C8-FB5D-438E-A49D-03F456FD283D}.Release|Any CPU.ActiveCfg = Release|Any CPU
		{19C2F1C8-FB5D-438E-A49D-03F456FD283D}.Release|Any CPU.Build.0 = Release|Any CPU
		{B2933783-9FED-4AC5-A225-AB6AD9B616D5}.Debug|Any CPU.ActiveCfg = Debug|Any CPU
		{B2933783-9FED-4AC5-A225-AB6AD9B616D5}.Debug|Any CPU.Build.0 = Debug|Any CPU
		{B2933783-9FED-4AC5-A225-AB6AD9B616D5}.Release|Any CPU.ActiveCfg = Release|Any CPU
		{B2933783-9FED-4AC5-A225-AB6AD9B616D5}.Release|Any CPU.Build.0 = Release|Any CPU
		{3F27FA53-2206-4036-A08A-9D0B253EC95F}.Debug|Any CPU.ActiveCfg = Debug|Any CPU
		{3F27FA53-2206-4036-A08A-9D0B253EC95F}.Debug|Any CPU.Build.0 = Debug|Any CPU
		{3F27FA53-2206-4036-A08A-9D0B253EC95F}.Release|Any CPU.ActiveCfg = Release|Any CPU
		{3F27FA53-2206-4036-A08A-9D0B253EC95F}.Release|Any CPU.Build.0 = Release|Any CPU
	EndGlobalSection
	GlobalSection(SolutionProperties) = preSolution
		HideSolutionNode = FALSE
	EndGlobalSection
	GlobalSection(ExtensibilityGlobals) = postSolution
		SolutionGuid = {426967CC-F7E2-4C92-B1A5-909AA266B711}
	EndGlobalSection
EndGlobal
